
Microsoft Visual Studio Solution File, Format Version 12.00
# Visual Studio 14
VisualStudioVersion = 14.0.25420.1
MinimumVisualStudioVersion = 10.0.40219.1
Project("{FAE04EC0-301F-11D3-BF4B-00C04F79EFBC}") = "SmartHomeApp", "SmartHomeApp\SmartHomeApp\SmartHomeApp.csproj", "{555B7D35-916F-44EB-938B-42B80A2787F8}"
EndProject
Project("{FAE04EC0-301F-11D3-BF4B-00C04F79EFBC}") = "SmartHomeApp.Droid", "SmartHomeApp\SmartHomeApp.Droid\SmartHomeApp.Droid.csproj", "{85CEDE91-5981-47F8-9486-6581CAA88BCA}"
EndProject
Project("{FAE04EC0-301F-11D3-BF4B-00C04F79EFBC}") = "SmartHomeApp.iOS", "SmartHomeApp\SmartHomeApp.iOS\SmartHomeApp.iOS.csproj", "{9E2AFE6F-B685-4E74-84A8-8FEF354794AF}"
EndProject
Project("{FAE04EC0-301F-11D3-BF4B-00C04F79EFBC}") = "SmartHomeApp.WinPhone", "SmartHomeApp\SmartHomeApp.WinPhone\SmartHomeApp.WinPhone.csproj", "{5529C628-0748-4CB1-ABF5-946D5D2ECB62}"
EndProject
Project("{FAE04EC0-301F-11D3-BF4B-00C04F79EFBC}") = "SmartHomeApp.UWP", "SmartHomeApp\SmartHomeApp.UWP\SmartHomeApp.UWP.csproj", "{0C093161-2CA5-43C4-BC02-569A52722DDE}"
EndProject
Project("{FAE04EC0-301F-11D3-BF4B-00C04F79EFBC}") = "SmartHomeApp.Windows", "SmartHomeApp\SmartHomeApp.Windows\SmartHomeApp.Windows.csproj", "{ED827D93-3396-4E1D-A9EE-B42E8902DB0B}"
EndProject
Project("{FAE04EC0-301F-11D3-BF4B-00C04F79EFBC}") = "HomeHub.Model", "..\HomeHub.Model\HomeHub.Model.csproj", "{322581D5-9F3E-4B65-AB32-370BCF074C27}"
EndProject
Project("{FAE04EC0-301F-11D3-BF4B-00C04F79EFBC}") = "HomeHubClient", "..\HomeHubClient\HomeHubClient.csproj", "{0D9F8E08-BABE-4C6D-B097-4B6DA3706DD7}"
EndProject
Global
	GlobalSection(SolutionConfigurationPlatforms) = preSolution
		Ad-Hoc|Any CPU = Ad-Hoc|Any CPU
		Ad-Hoc|ARM = Ad-Hoc|ARM
		Ad-Hoc|iPhone = Ad-Hoc|iPhone
		Ad-Hoc|iPhoneSimulator = Ad-Hoc|iPhoneSimulator
		Ad-Hoc|x64 = Ad-Hoc|x64
		Ad-Hoc|x86 = Ad-Hoc|x86
		AppStore|Any CPU = AppStore|Any CPU
		AppStore|ARM = AppStore|ARM
		AppStore|iPhone = AppStore|iPhone
		AppStore|iPhoneSimulator = AppStore|iPhoneSimulator
		AppStore|x64 = AppStore|x64
		AppStore|x86 = AppStore|x86
		Debug|Any CPU = Debug|Any CPU
		Debug|ARM = Debug|ARM
		Debug|iPhone = Debug|iPhone
		Debug|iPhoneSimulator = Debug|iPhoneSimulator
		Debug|x64 = Debug|x64
		Debug|x86 = Debug|x86
		Release|Any CPU = Release|Any CPU
		Release|ARM = Release|ARM
		Release|iPhone = Release|iPhone
		Release|iPhoneSimulator = Release|iPhoneSimulator
		Release|x64 = Release|x64
		Release|x86 = Release|x86
	EndGlobalSection
	GlobalSection(ProjectConfigurationPlatforms) = postSolution
		{555B7D35-916F-44EB-938B-42B80A2787F8}.Ad-Hoc|Any CPU.ActiveCfg = Release|Any CPU
		{555B7D35-916F-44EB-938B-42B80A2787F8}.Ad-Hoc|Any CPU.Build.0 = Release|Any CPU
		{555B7D35-916F-44EB-938B-42B80A2787F8}.Ad-Hoc|ARM.ActiveCfg = Release|Any CPU
		{555B7D35-916F-44EB-938B-42B80A2787F8}.Ad-Hoc|ARM.Build.0 = Release|Any CPU
		{555B7D35-916F-44EB-938B-42B80A2787F8}.Ad-Hoc|iPhone.ActiveCfg = Release|Any CPU
		{555B7D35-916F-44EB-938B-42B80A2787F8}.Ad-Hoc|iPhone.Build.0 = Release|Any CPU
		{555B7D35-916F-44EB-938B-42B80A2787F8}.Ad-Hoc|iPhoneSimulator.ActiveCfg = Release|Any CPU
		{555B7D35-916F-44EB-938B-42B80A2787F8}.Ad-Hoc|iPhoneSimulator.Build.0 = Release|Any CPU
		{555B7D35-916F-44EB-938B-42B80A2787F8}.Ad-Hoc|x64.ActiveCfg = Release|Any CPU
		{555B7D35-916F-44EB-938B-42B80A2787F8}.Ad-Hoc|x64.Build.0 = Release|Any CPU
		{555B7D35-916F-44EB-938B-42B80A2787F8}.Ad-Hoc|x86.ActiveCfg = Release|Any CPU
		{555B7D35-916F-44EB-938B-42B80A2787F8}.Ad-Hoc|x86.Build.0 = Release|Any CPU
		{555B7D35-916F-44EB-938B-42B80A2787F8}.AppStore|Any CPU.ActiveCfg = Release|Any CPU
		{555B7D35-916F-44EB-938B-42B80A2787F8}.AppStore|Any CPU.Build.0 = Release|Any CPU
		{555B7D35-916F-44EB-938B-42B80A2787F8}.AppStore|ARM.ActiveCfg = Release|Any CPU
		{555B7D35-916F-44EB-938B-42B80A2787F8}.AppStore|ARM.Build.0 = Release|Any CPU
		{555B7D35-916F-44EB-938B-42B80A2787F8}.AppStore|iPhone.ActiveCfg = Release|Any CPU
		{555B7D35-916F-44EB-938B-42B80A2787F8}.AppStore|iPhone.Build.0 = Release|Any CPU
		{555B7D35-916F-44EB-938B-42B80A2787F8}.AppStore|iPhoneSimulator.ActiveCfg = Release|Any CPU
		{555B7D35-916F-44EB-938B-42B80A2787F8}.AppStore|iPhoneSimulator.Build.0 = Release|Any CPU
		{555B7D35-916F-44EB-938B-42B80A2787F8}.AppStore|x64.ActiveCfg = Release|Any CPU
		{555B7D35-916F-44EB-938B-42B80A2787F8}.AppStore|x64.Build.0 = Release|Any CPU
		{555B7D35-916F-44EB-938B-42B80A2787F8}.AppStore|x86.ActiveCfg = Release|Any CPU
		{555B7D35-916F-44EB-938B-42B80A2787F8}.AppStore|x86.Build.0 = Release|Any CPU
		{555B7D35-916F-44EB-938B-42B80A2787F8}.Debug|Any CPU.ActiveCfg = Debug|Any CPU
		{555B7D35-916F-44EB-938B-42B80A2787F8}.Debug|Any CPU.Build.0 = Debug|Any CPU
		{555B7D35-916F-44EB-938B-42B80A2787F8}.Debug|ARM.ActiveCfg = Debug|Any CPU
		{555B7D35-916F-44EB-938B-42B80A2787F8}.Debug|ARM.Build.0 = Debug|Any CPU
		{555B7D35-916F-44EB-938B-42B80A2787F8}.Debug|iPhone.ActiveCfg = Debug|Any CPU
		{555B7D35-916F-44EB-938B-42B80A2787F8}.Debug|iPhone.Build.0 = Debug|Any CPU
		{555B7D35-916F-44EB-938B-42B80A2787F8}.Debug|iPhoneSimulator.ActiveCfg = Debug|Any CPU
		{555B7D35-916F-44EB-938B-42B80A2787F8}.Debug|iPhoneSimulator.Build.0 = Debug|Any CPU
		{555B7D35-916F-44EB-938B-42B80A2787F8}.Debug|x64.ActiveCfg = Debug|Any CPU
		{555B7D35-916F-44EB-938B-42B80A2787F8}.Debug|x64.Build.0 = Debug|Any CPU
		{555B7D35-916F-44EB-938B-42B80A2787F8}.Debug|x86.ActiveCfg = Debug|Any CPU
		{555B7D35-916F-44EB-938B-42B80A2787F8}.Debug|x86.Build.0 = Debug|Any CPU
		{555B7D35-916F-44EB-938B-42B80A2787F8}.Release|Any CPU.ActiveCfg = Release|Any CPU
		{555B7D35-916F-44EB-938B-42B80A2787F8}.Release|Any CPU.Build.0 = Release|Any CPU
		{555B7D35-916F-44EB-938B-42B80A2787F8}.Release|ARM.ActiveCfg = Release|Any CPU
		{555B7D35-916F-44EB-938B-42B80A2787F8}.Release|ARM.Build.0 = Release|Any CPU
		{555B7D35-916F-44EB-938B-42B80A2787F8}.Release|iPhone.ActiveCfg = Release|Any CPU
		{555B7D35-916F-44EB-938B-42B80A2787F8}.Release|iPhone.Build.0 = Release|Any CPU
		{555B7D35-916F-44EB-938B-42B80A2787F8}.Release|iPhoneSimulator.ActiveCfg = Release|Any CPU
		{555B7D35-916F-44EB-938B-42B80A2787F8}.Release|iPhoneSimulator.Build.0 = Release|Any CPU
		{555B7D35-916F-44EB-938B-42B80A2787F8}.Release|x64.ActiveCfg = Release|Any CPU
		{555B7D35-916F-44EB-938B-42B80A2787F8}.Release|x64.Build.0 = Release|Any CPU
		{555B7D35-916F-44EB-938B-42B80A2787F8}.Release|x86.ActiveCfg = Release|Any CPU
		{555B7D35-916F-44EB-938B-42B80A2787F8}.Release|x86.Build.0 = Release|Any CPU
		{85CEDE91-5981-47F8-9486-6581CAA88BCA}.Ad-Hoc|Any CPU.ActiveCfg = Release|Any CPU
		{85CEDE91-5981-47F8-9486-6581CAA88BCA}.Ad-Hoc|Any CPU.Build.0 = Release|Any CPU
		{85CEDE91-5981-47F8-9486-6581CAA88BCA}.Ad-Hoc|Any CPU.Deploy.0 = Release|Any CPU
		{85CEDE91-5981-47F8-9486-6581CAA88BCA}.Ad-Hoc|ARM.ActiveCfg = Release|Any CPU
		{85CEDE91-5981-47F8-9486-6581CAA88BCA}.Ad-Hoc|ARM.Build.0 = Release|Any CPU
		{85CEDE91-5981-47F8-9486-6581CAA88BCA}.Ad-Hoc|ARM.Deploy.0 = Release|Any CPU
		{85CEDE91-5981-47F8-9486-6581CAA88BCA}.Ad-Hoc|iPhone.ActiveCfg = Release|Any CPU
		{85CEDE91-5981-47F8-9486-6581CAA88BCA}.Ad-Hoc|iPhone.Build.0 = Release|Any CPU
		{85CEDE91-5981-47F8-9486-6581CAA88BCA}.Ad-Hoc|iPhone.Deploy.0 = Release|Any CPU
		{85CEDE91-5981-47F8-9486-6581CAA88BCA}.Ad-Hoc|iPhoneSimulator.ActiveCfg = Release|Any CPU
		{85CEDE91-5981-47F8-9486-6581CAA88BCA}.Ad-Hoc|iPhoneSimulator.Build.0 = Release|Any CPU
		{85CEDE91-5981-47F8-9486-6581CAA88BCA}.Ad-Hoc|iPhoneSimulator.Deploy.0 = Release|Any CPU
		{85CEDE91-5981-47F8-9486-6581CAA88BCA}.Ad-Hoc|x64.ActiveCfg = Release|Any CPU
		{85CEDE91-5981-47F8-9486-6581CAA88BCA}.Ad-Hoc|x64.Build.0 = Release|Any CPU
		{85CEDE91-5981-47F8-9486-6581CAA88BCA}.Ad-Hoc|x64.Deploy.0 = Release|Any CPU
		{85CEDE91-5981-47F8-9486-6581CAA88BCA}.Ad-Hoc|x86.ActiveCfg = Release|Any CPU
		{85CEDE91-5981-47F8-9486-6581CAA88BCA}.Ad-Hoc|x86.Build.0 = Release|Any CPU
		{85CEDE91-5981-47F8-9486-6581CAA88BCA}.Ad-Hoc|x86.Deploy.0 = Release|Any CPU
		{85CEDE91-5981-47F8-9486-6581CAA88BCA}.AppStore|Any CPU.ActiveCfg = Release|Any CPU
		{85CEDE91-5981-47F8-9486-6581CAA88BCA}.AppStore|Any CPU.Build.0 = Release|Any CPU
		{85CEDE91-5981-47F8-9486-6581CAA88BCA}.AppStore|Any CPU.Deploy.0 = Release|Any CPU
		{85CEDE91-5981-47F8-9486-6581CAA88BCA}.AppStore|ARM.ActiveCfg = Release|Any CPU
		{85CEDE91-5981-47F8-9486-6581CAA88BCA}.AppStore|ARM.Build.0 = Release|Any CPU
		{85CEDE91-5981-47F8-9486-6581CAA88BCA}.AppStore|ARM.Deploy.0 = Release|Any CPU
		{85CEDE91-5981-47F8-9486-6581CAA88BCA}.AppStore|iPhone.ActiveCfg = Release|Any CPU
		{85CEDE91-5981-47F8-9486-6581CAA88BCA}.AppStore|iPhone.Build.0 = Release|Any CPU
		{85CEDE91-5981-47F8-9486-6581CAA88BCA}.AppStore|iPhone.Deploy.0 = Release|Any CPU
		{85CEDE91-5981-47F8-9486-6581CAA88BCA}.AppStore|iPhoneSimulator.ActiveCfg = Release|Any CPU
		{85CEDE91-5981-47F8-9486-6581CAA88BCA}.AppStore|iPhoneSimulator.Build.0 = Release|Any CPU
		{85CEDE91-5981-47F8-9486-6581CAA88BCA}.AppStore|iPhoneSimulator.Deploy.0 = Release|Any CPU
		{85CEDE91-5981-47F8-9486-6581CAA88BCA}.AppStore|x64.ActiveCfg = Release|Any CPU
		{85CEDE91-5981-47F8-9486-6581CAA88BCA}.AppStore|x64.Build.0 = Release|Any CPU
		{85CEDE91-5981-47F8-9486-6581CAA88BCA}.AppStore|x64.Deploy.0 = Release|Any CPU
		{85CEDE91-5981-47F8-9486-6581CAA88BCA}.AppStore|x86.ActiveCfg = Release|Any CPU
		{85CEDE91-5981-47F8-9486-6581CAA88BCA}.AppStore|x86.Build.0 = Release|Any CPU
		{85CEDE91-5981-47F8-9486-6581CAA88BCA}.AppStore|x86.Deploy.0 = Release|Any CPU
		{85CEDE91-5981-47F8-9486-6581CAA88BCA}.Debug|Any CPU.ActiveCfg = Debug|Any CPU
		{85CEDE91-5981-47F8-9486-6581CAA88BCA}.Debug|Any CPU.Build.0 = Debug|Any CPU
		{85CEDE91-5981-47F8-9486-6581CAA88BCA}.Debug|Any CPU.Deploy.0 = Debug|Any CPU
		{85CEDE91-5981-47F8-9486-6581CAA88BCA}.Debug|ARM.ActiveCfg = Debug|Any CPU
		{85CEDE91-5981-47F8-9486-6581CAA88BCA}.Debug|ARM.Build.0 = Debug|Any CPU
		{85CEDE91-5981-47F8-9486-6581CAA88BCA}.Debug|ARM.Deploy.0 = Debug|Any CPU
		{85CEDE91-5981-47F8-9486-6581CAA88BCA}.Debug|iPhone.ActiveCfg = Debug|Any CPU
		{85CEDE91-5981-47F8-9486-6581CAA88BCA}.Debug|iPhone.Build.0 = Debug|Any CPU
		{85CEDE91-5981-47F8-9486-6581CAA88BCA}.Debug|iPhone.Deploy.0 = Debug|Any CPU
		{85CEDE91-5981-47F8-9486-6581CAA88BCA}.Debug|iPhoneSimulator.ActiveCfg = Debug|Any CPU
		{85CEDE91-5981-47F8-9486-6581CAA88BCA}.Debug|iPhoneSimulator.Build.0 = Debug|Any CPU
		{85CEDE91-5981-47F8-9486-6581CAA88BCA}.Debug|iPhoneSimulator.Deploy.0 = Debug|Any CPU
		{85CEDE91-5981-47F8-9486-6581CAA88BCA}.Debug|x64.ActiveCfg = Debug|Any CPU
		{85CEDE91-5981-47F8-9486-6581CAA88BCA}.Debug|x64.Build.0 = Debug|Any CPU
		{85CEDE91-5981-47F8-9486-6581CAA88BCA}.Debug|x64.Deploy.0 = Debug|Any CPU
		{85CEDE91-5981-47F8-9486-6581CAA88BCA}.Debug|x86.ActiveCfg = Debug|Any CPU
		{85CEDE91-5981-47F8-9486-6581CAA88BCA}.Debug|x86.Build.0 = Debug|Any CPU
		{85CEDE91-5981-47F8-9486-6581CAA88BCA}.Debug|x86.Deploy.0 = Debug|Any CPU
		{85CEDE91-5981-47F8-9486-6581CAA88BCA}.Release|Any CPU.ActiveCfg = Release|Any CPU
		{85CEDE91-5981-47F8-9486-6581CAA88BCA}.Release|Any CPU.Build.0 = Release|Any CPU
		{85CEDE91-5981-47F8-9486-6581CAA88BCA}.Release|Any CPU.Deploy.0 = Release|Any CPU
		{85CEDE91-5981-47F8-9486-6581CAA88BCA}.Release|ARM.ActiveCfg = Release|Any CPU
		{85CEDE91-5981-47F8-9486-6581CAA88BCA}.Release|ARM.Build.0 = Release|Any CPU
		{85CEDE91-5981-47F8-9486-6581CAA88BCA}.Release|ARM.Deploy.0 = Release|Any CPU
		{85CEDE91-5981-47F8-9486-6581CAA88BCA}.Release|iPhone.ActiveCfg = Release|Any CPU
		{85CEDE91-5981-47F8-9486-6581CAA88BCA}.Release|iPhone.Build.0 = Release|Any CPU
		{85CEDE91-5981-47F8-9486-6581CAA88BCA}.Release|iPhone.Deploy.0 = Release|Any CPU
		{85CEDE91-5981-47F8-9486-6581CAA88BCA}.Release|iPhoneSimulator.ActiveCfg = Release|Any CPU
		{85CEDE91-5981-47F8-9486-6581CAA88BCA}.Release|iPhoneSimulator.Build.0 = Release|Any CPU
		{85CEDE91-5981-47F8-9486-6581CAA88BCA}.Release|iPhoneSimulator.Deploy.0 = Release|Any CPU
		{85CEDE91-5981-47F8-9486-6581CAA88BCA}.Release|x64.ActiveCfg = Release|Any CPU
		{85CEDE91-5981-47F8-9486-6581CAA88BCA}.Release|x64.Build.0 = Release|Any CPU
		{85CEDE91-5981-47F8-9486-6581CAA88BCA}.Release|x64.Deploy.0 = Release|Any CPU
		{85CEDE91-5981-47F8-9486-6581CAA88BCA}.Release|x86.ActiveCfg = Release|Any CPU
		{85CEDE91-5981-47F8-9486-6581CAA88BCA}.Release|x86.Build.0 = Release|Any CPU
		{85CEDE91-5981-47F8-9486-6581CAA88BCA}.Release|x86.Deploy.0 = Release|Any CPU
		{9E2AFE6F-B685-4E74-84A8-8FEF354794AF}.Ad-Hoc|Any CPU.ActiveCfg = Ad-Hoc|iPhone
		{9E2AFE6F-B685-4E74-84A8-8FEF354794AF}.Ad-Hoc|ARM.ActiveCfg = Ad-Hoc|iPhone
		{9E2AFE6F-B685-4E74-84A8-8FEF354794AF}.Ad-Hoc|iPhone.ActiveCfg = Ad-Hoc|iPhone
		{9E2AFE6F-B685-4E74-84A8-8FEF354794AF}.Ad-Hoc|iPhone.Build.0 = Ad-Hoc|iPhone
		{9E2AFE6F-B685-4E74-84A8-8FEF354794AF}.Ad-Hoc|iPhoneSimulator.ActiveCfg = Ad-Hoc|iPhoneSimulator
		{9E2AFE6F-B685-4E74-84A8-8FEF354794AF}.Ad-Hoc|iPhoneSimulator.Build.0 = Ad-Hoc|iPhoneSimulator
		{9E2AFE6F-B685-4E74-84A8-8FEF354794AF}.Ad-Hoc|x64.ActiveCfg = Ad-Hoc|iPhone
		{9E2AFE6F-B685-4E74-84A8-8FEF354794AF}.Ad-Hoc|x86.ActiveCfg = Ad-Hoc|iPhone
		{9E2AFE6F-B685-4E74-84A8-8FEF354794AF}.AppStore|Any CPU.ActiveCfg = AppStore|iPhone
		{9E2AFE6F-B685-4E74-84A8-8FEF354794AF}.AppStore|ARM.ActiveCfg = AppStore|iPhone
		{9E2AFE6F-B685-4E74-84A8-8FEF354794AF}.AppStore|iPhone.ActiveCfg = AppStore|iPhone
		{9E2AFE6F-B685-4E74-84A8-8FEF354794AF}.AppStore|iPhone.Build.0 = AppStore|iPhone
		{9E2AFE6F-B685-4E74-84A8-8FEF354794AF}.AppStore|iPhoneSimulator.ActiveCfg = AppStore|iPhoneSimulator
		{9E2AFE6F-B685-4E74-84A8-8FEF354794AF}.AppStore|iPhoneSimulator.Build.0 = AppStore|iPhoneSimulator
		{9E2AFE6F-B685-4E74-84A8-8FEF354794AF}.AppStore|x64.ActiveCfg = AppStore|iPhone
		{9E2AFE6F-B685-4E74-84A8-8FEF354794AF}.AppStore|x86.ActiveCfg = AppStore|iPhone
		{9E2AFE6F-B685-4E74-84A8-8FEF354794AF}.Debug|Any CPU.ActiveCfg = Debug|iPhone
		{9E2AFE6F-B685-4E74-84A8-8FEF354794AF}.Debug|Any CPU.Build.0 = Debug|iPhone
		{9E2AFE6F-B685-4E74-84A8-8FEF354794AF}.Debug|ARM.ActiveCfg = Debug|iPhone
		{9E2AFE6F-B685-4E74-84A8-8FEF354794AF}.Debug|iPhone.ActiveCfg = Debug|iPhone
		{9E2AFE6F-B685-4E74-84A8-8FEF354794AF}.Debug|iPhone.Build.0 = Debug|iPhone
		{9E2AFE6F-B685-4E74-84A8-8FEF354794AF}.Debug|iPhoneSimulator.ActiveCfg = Debug|iPhoneSimulator
		{9E2AFE6F-B685-4E74-84A8-8FEF354794AF}.Debug|iPhoneSimulator.Build.0 = Debug|iPhoneSimulator
		{9E2AFE6F-B685-4E74-84A8-8FEF354794AF}.Debug|x64.ActiveCfg = Debug|iPhone
		{9E2AFE6F-B685-4E74-84A8-8FEF354794AF}.Debug|x86.ActiveCfg = Debug|iPhone
		{9E2AFE6F-B685-4E74-84A8-8FEF354794AF}.Release|Any CPU.ActiveCfg = Release|iPhone
		{9E2AFE6F-B685-4E74-84A8-8FEF354794AF}.Release|ARM.ActiveCfg = Release|iPhone
		{9E2AFE6F-B685-4E74-84A8-8FEF354794AF}.Release|iPhone.ActiveCfg = Release|iPhone
		{9E2AFE6F-B685-4E74-84A8-8FEF354794AF}.Release|iPhone.Build.0 = Release|iPhone
		{9E2AFE6F-B685-4E74-84A8-8FEF354794AF}.Release|iPhoneSimulator.ActiveCfg = Release|iPhoneSimulator
		{9E2AFE6F-B685-4E74-84A8-8FEF354794AF}.Release|iPhoneSimulator.Build.0 = Release|iPhoneSimulator
		{9E2AFE6F-B685-4E74-84A8-8FEF354794AF}.Release|x64.ActiveCfg = Release|iPhone
		{9E2AFE6F-B685-4E74-84A8-8FEF354794AF}.Release|x86.ActiveCfg = Release|iPhone
		{5529C628-0748-4CB1-ABF5-946D5D2ECB62}.Ad-Hoc|Any CPU.ActiveCfg = Release|Any CPU
		{5529C628-0748-4CB1-ABF5-946D5D2ECB62}.Ad-Hoc|Any CPU.Build.0 = Release|Any CPU
		{5529C628-0748-4CB1-ABF5-946D5D2ECB62}.Ad-Hoc|Any CPU.Deploy.0 = Release|Any CPU
		{5529C628-0748-4CB1-ABF5-946D5D2ECB62}.Ad-Hoc|ARM.ActiveCfg = Release|ARM
		{5529C628-0748-4CB1-ABF5-946D5D2ECB62}.Ad-Hoc|ARM.Build.0 = Release|ARM
		{5529C628-0748-4CB1-ABF5-946D5D2ECB62}.Ad-Hoc|ARM.Deploy.0 = Release|ARM
		{5529C628-0748-4CB1-ABF5-946D5D2ECB62}.Ad-Hoc|iPhone.ActiveCfg = Release|Any CPU
		{5529C628-0748-4CB1-ABF5-946D5D2ECB62}.Ad-Hoc|iPhone.Build.0 = Release|Any CPU
		{5529C628-0748-4CB1-ABF5-946D5D2ECB62}.Ad-Hoc|iPhone.Deploy.0 = Release|Any CPU
		{5529C628-0748-4CB1-ABF5-946D5D2ECB62}.Ad-Hoc|iPhoneSimulator.ActiveCfg = Release|Any CPU
		{5529C628-0748-4CB1-ABF5-946D5D2ECB62}.Ad-Hoc|iPhoneSimulator.Build.0 = Release|Any CPU
		{5529C628-0748-4CB1-ABF5-946D5D2ECB62}.Ad-Hoc|iPhoneSimulator.Deploy.0 = Release|Any CPU
		{5529C628-0748-4CB1-ABF5-946D5D2ECB62}.Ad-Hoc|x64.ActiveCfg = Release|Any CPU
		{5529C628-0748-4CB1-ABF5-946D5D2ECB62}.Ad-Hoc|x64.Build.0 = Release|Any CPU
		{5529C628-0748-4CB1-ABF5-946D5D2ECB62}.Ad-Hoc|x64.Deploy.0 = Release|Any CPU
		{5529C628-0748-4CB1-ABF5-946D5D2ECB62}.Ad-Hoc|x86.ActiveCfg = Release|x86
		{5529C628-0748-4CB1-ABF5-946D5D2ECB62}.Ad-Hoc|x86.Build.0 = Release|x86
		{5529C628-0748-4CB1-ABF5-946D5D2ECB62}.Ad-Hoc|x86.Deploy.0 = Release|x86
		{5529C628-0748-4CB1-ABF5-946D5D2ECB62}.AppStore|Any CPU.ActiveCfg = Release|Any CPU
		{5529C628-0748-4CB1-ABF5-946D5D2ECB62}.AppStore|Any CPU.Build.0 = Release|Any CPU
		{5529C628-0748-4CB1-ABF5-946D5D2ECB62}.AppStore|Any CPU.Deploy.0 = Release|Any CPU
		{5529C628-0748-4CB1-ABF5-946D5D2ECB62}.AppStore|ARM.ActiveCfg = Release|ARM
		{5529C628-0748-4CB1-ABF5-946D5D2ECB62}.AppStore|ARM.Build.0 = Release|ARM
		{5529C628-0748-4CB1-ABF5-946D5D2ECB62}.AppStore|ARM.Deploy.0 = Release|ARM
		{5529C628-0748-4CB1-ABF5-946D5D2ECB62}.AppStore|iPhone.ActiveCfg = Release|Any CPU
		{5529C628-0748-4CB1-ABF5-946D5D2ECB62}.AppStore|iPhone.Build.0 = Release|Any CPU
		{5529C628-0748-4CB1-ABF5-946D5D2ECB62}.AppStore|iPhone.Deploy.0 = Release|Any CPU
		{5529C628-0748-4CB1-ABF5-946D5D2ECB62}.AppStore|iPhoneSimulator.ActiveCfg = Release|Any CPU
		{5529C628-0748-4CB1-ABF5-946D5D2ECB62}.AppStore|iPhoneSimulator.Build.0 = Release|Any CPU
		{5529C628-0748-4CB1-ABF5-946D5D2ECB62}.AppStore|iPhoneSimulator.Deploy.0 = Release|Any CPU
		{5529C628-0748-4CB1-ABF5-946D5D2ECB62}.AppStore|x64.ActiveCfg = Release|Any CPU
		{5529C628-0748-4CB1-ABF5-946D5D2ECB62}.AppStore|x64.Build.0 = Release|Any CPU
		{5529C628-0748-4CB1-ABF5-946D5D2ECB62}.AppStore|x64.Deploy.0 = Release|Any CPU
		{5529C628-0748-4CB1-ABF5-946D5D2ECB62}.AppStore|x86.ActiveCfg = Release|x86
		{5529C628-0748-4CB1-ABF5-946D5D2ECB62}.AppStore|x86.Build.0 = Release|x86
		{5529C628-0748-4CB1-ABF5-946D5D2ECB62}.AppStore|x86.Deploy.0 = Release|x86
		{5529C628-0748-4CB1-ABF5-946D5D2ECB62}.Debug|Any CPU.ActiveCfg = Debug|Any CPU
		{5529C628-0748-4CB1-ABF5-946D5D2ECB62}.Debug|Any CPU.Build.0 = Debug|Any CPU
		{5529C628-0748-4CB1-ABF5-946D5D2ECB62}.Debug|Any CPU.Deploy.0 = Debug|Any CPU
		{5529C628-0748-4CB1-ABF5-946D5D2ECB62}.Debug|ARM.ActiveCfg = Debug|ARM
		{5529C628-0748-4CB1-ABF5-946D5D2ECB62}.Debug|ARM.Build.0 = Debug|ARM
		{5529C628-0748-4CB1-ABF5-946D5D2ECB62}.Debug|ARM.Deploy.0 = Debug|ARM
		{5529C628-0748-4CB1-ABF5-946D5D2ECB62}.Debug|iPhone.ActiveCfg = Debug|Any CPU
		{5529C628-0748-4CB1-ABF5-946D5D2ECB62}.Debug|iPhone.Build.0 = Debug|Any CPU
		{5529C628-0748-4CB1-ABF5-946D5D2ECB62}.Debug|iPhone.Deploy.0 = Debug|Any CPU
		{5529C628-0748-4CB1-ABF5-946D5D2ECB62}.Debug|iPhoneSimulator.ActiveCfg = Debug|Any CPU
		{5529C628-0748-4CB1-ABF5-946D5D2ECB62}.Debug|iPhoneSimulator.Build.0 = Debug|Any CPU
		{5529C628-0748-4CB1-ABF5-946D5D2ECB62}.Debug|iPhoneSimulator.Deploy.0 = Debug|Any CPU
		{5529C628-0748-4CB1-ABF5-946D5D2ECB62}.Debug|x64.ActiveCfg = Debug|Any CPU
		{5529C628-0748-4CB1-ABF5-946D5D2ECB62}.Debug|x64.Build.0 = Debug|Any CPU
		{5529C628-0748-4CB1-ABF5-946D5D2ECB62}.Debug|x64.Deploy.0 = Debug|Any CPU
		{5529C628-0748-4CB1-ABF5-946D5D2ECB62}.Debug|x86.ActiveCfg = Debug|x86
		{5529C628-0748-4CB1-ABF5-946D5D2ECB62}.Debug|x86.Build.0 = Debug|x86
		{5529C628-0748-4CB1-ABF5-946D5D2ECB62}.Debug|x86.Deploy.0 = Debug|x86
		{5529C628-0748-4CB1-ABF5-946D5D2ECB62}.Release|Any CPU.ActiveCfg = Release|Any CPU
		{5529C628-0748-4CB1-ABF5-946D5D2ECB62}.Release|Any CPU.Build.0 = Release|Any CPU
		{5529C628-0748-4CB1-ABF5-946D5D2ECB62}.Release|Any CPU.Deploy.0 = Release|Any CPU
		{5529C628-0748-4CB1-ABF5-946D5D2ECB62}.Release|ARM.ActiveCfg = Release|ARM
		{5529C628-0748-4CB1-ABF5-946D5D2ECB62}.Release|ARM.Build.0 = Release|ARM
		{5529C628-0748-4CB1-ABF5-946D5D2ECB62}.Release|ARM.Deploy.0 = Release|ARM
		{5529C628-0748-4CB1-ABF5-946D5D2ECB62}.Release|iPhone.ActiveCfg = Release|Any CPU
		{5529C628-0748-4CB1-ABF5-946D5D2ECB62}.Release|iPhone.Build.0 = Release|Any CPU
		{5529C628-0748-4CB1-ABF5-946D5D2ECB62}.Release|iPhone.Deploy.0 = Release|Any CPU
		{5529C628-0748-4CB1-ABF5-946D5D2ECB62}.Release|iPhoneSimulator.ActiveCfg = Release|Any CPU
		{5529C628-0748-4CB1-ABF5-946D5D2ECB62}.Release|iPhoneSimulator.Build.0 = Release|Any CPU
		{5529C628-0748-4CB1-ABF5-946D5D2ECB62}.Release|iPhoneSimulator.Deploy.0 = Release|Any CPU
		{5529C628-0748-4CB1-ABF5-946D5D2ECB62}.Release|x64.ActiveCfg = Release|Any CPU
		{5529C628-0748-4CB1-ABF5-946D5D2ECB62}.Release|x64.Build.0 = Release|Any CPU
		{5529C628-0748-4CB1-ABF5-946D5D2ECB62}.Release|x64.Deploy.0 = Release|Any CPU
		{5529C628-0748-4CB1-ABF5-946D5D2ECB62}.Release|x86.ActiveCfg = Release|x86
		{5529C628-0748-4CB1-ABF5-946D5D2ECB62}.Release|x86.Build.0 = Release|x86
		{5529C628-0748-4CB1-ABF5-946D5D2ECB62}.Release|x86.Deploy.0 = Release|x86
		{0C093161-2CA5-43C4-BC02-569A52722DDE}.Ad-Hoc|Any CPU.ActiveCfg = Release|x86
		{0C093161-2CA5-43C4-BC02-569A52722DDE}.Ad-Hoc|Any CPU.Build.0 = Release|x86
		{0C093161-2CA5-43C4-BC02-569A52722DDE}.Ad-Hoc|Any CPU.Deploy.0 = Release|x86
		{0C093161-2CA5-43C4-BC02-569A52722DDE}.Ad-Hoc|ARM.ActiveCfg = Release|ARM
		{0C093161-2CA5-43C4-BC02-569A52722DDE}.Ad-Hoc|ARM.Build.0 = Release|ARM
		{0C093161-2CA5-43C4-BC02-569A52722DDE}.Ad-Hoc|ARM.Deploy.0 = Release|ARM
		{0C093161-2CA5-43C4-BC02-569A52722DDE}.Ad-Hoc|iPhone.ActiveCfg = Release|x86
		{0C093161-2CA5-43C4-BC02-569A52722DDE}.Ad-Hoc|iPhone.Build.0 = Release|x86
		{0C093161-2CA5-43C4-BC02-569A52722DDE}.Ad-Hoc|iPhone.Deploy.0 = Release|x86
		{0C093161-2CA5-43C4-BC02-569A52722DDE}.Ad-Hoc|iPhoneSimulator.ActiveCfg = Release|x86
		{0C093161-2CA5-43C4-BC02-569A52722DDE}.Ad-Hoc|iPhoneSimulator.Build.0 = Release|x86
		{0C093161-2CA5-43C4-BC02-569A52722DDE}.Ad-Hoc|iPhoneSimulator.Deploy.0 = Release|x86
		{0C093161-2CA5-43C4-BC02-569A52722DDE}.Ad-Hoc|x64.ActiveCfg = Release|x64
		{0C093161-2CA5-43C4-BC02-569A52722DDE}.Ad-Hoc|x64.Build.0 = Release|x64
		{0C093161-2CA5-43C4-BC02-569A52722DDE}.Ad-Hoc|x64.Deploy.0 = Release|x64
		{0C093161-2CA5-43C4-BC02-569A52722DDE}.Ad-Hoc|x86.ActiveCfg = Release|x86
		{0C093161-2CA5-43C4-BC02-569A52722DDE}.Ad-Hoc|x86.Build.0 = Release|x86
		{0C093161-2CA5-43C4-BC02-569A52722DDE}.Ad-Hoc|x86.Deploy.0 = Release|x86
		{0C093161-2CA5-43C4-BC02-569A52722DDE}.AppStore|Any CPU.ActiveCfg = Release|x86
		{0C093161-2CA5-43C4-BC02-569A52722DDE}.AppStore|Any CPU.Build.0 = Release|x86
		{0C093161-2CA5-43C4-BC02-569A52722DDE}.AppStore|Any CPU.Deploy.0 = Release|x86
		{0C093161-2CA5-43C4-BC02-569A52722DDE}.AppStore|ARM.ActiveCfg = Release|ARM
		{0C093161-2CA5-43C4-BC02-569A52722DDE}.AppStore|ARM.Build.0 = Release|ARM
		{0C093161-2CA5-43C4-BC02-569A52722DDE}.AppStore|ARM.Deploy.0 = Release|ARM
		{0C093161-2CA5-43C4-BC02-569A52722DDE}.AppStore|iPhone.ActiveCfg = Release|x86
		{0C093161-2CA5-43C4-BC02-569A52722DDE}.AppStore|iPhone.Build.0 = Release|x86
		{0C093161-2CA5-43C4-BC02-569A52722DDE}.AppStore|iPhone.Deploy.0 = Release|x86
		{0C093161-2CA5-43C4-BC02-569A52722DDE}.AppStore|iPhoneSimulator.ActiveCfg = Release|x86
		{0C093161-2CA5-43C4-BC02-569A52722DDE}.AppStore|iPhoneSimulator.Build.0 = Release|x86
		{0C093161-2CA5-43C4-BC02-569A52722DDE}.AppStore|iPhoneSimulator.Deploy.0 = Release|x86
		{0C093161-2CA5-43C4-BC02-569A52722DDE}.AppStore|x64.ActiveCfg = Release|x64
		{0C093161-2CA5-43C4-BC02-569A52722DDE}.AppStore|x64.Build.0 = Release|x64
		{0C093161-2CA5-43C4-BC02-569A52722DDE}.AppStore|x64.Deploy.0 = Release|x64
		{0C093161-2CA5-43C4-BC02-569A52722DDE}.AppStore|x86.ActiveCfg = Release|x86
		{0C093161-2CA5-43C4-BC02-569A52722DDE}.AppStore|x86.Build.0 = Release|x86
		{0C093161-2CA5-43C4-BC02-569A52722DDE}.AppStore|x86.Deploy.0 = Release|x86
		{0C093161-2CA5-43C4-BC02-569A52722DDE}.Debug|Any CPU.ActiveCfg = Debug|ARM
		{0C093161-2CA5-43C4-BC02-569A52722DDE}.Debug|Any CPU.Build.0 = Debug|ARM
		{0C093161-2CA5-43C4-BC02-569A52722DDE}.Debug|Any CPU.Deploy.0 = Debug|ARM
		{0C093161-2CA5-43C4-BC02-569A52722DDE}.Debug|ARM.ActiveCfg = Debug|ARM
		{0C093161-2CA5-43C4-BC02-569A52722DDE}.Debug|ARM.Build.0 = Debug|ARM
		{0C093161-2CA5-43C4-BC02-569A52722DDE}.Debug|ARM.Deploy.0 = Debug|ARM
		{0C093161-2CA5-43C4-BC02-569A52722DDE}.Debug|iPhone.ActiveCfg = Debug|x86
		{0C093161-2CA5-43C4-BC02-569A52722DDE}.Debug|iPhone.Build.0 = Debug|x86
		{0C093161-2CA5-43C4-BC02-569A52722DDE}.Debug|iPhone.Deploy.0 = Debug|x86
		{0C093161-2CA5-43C4-BC02-569A52722DDE}.Debug|iPhoneSimulator.ActiveCfg = Debug|x86
		{0C093161-2CA5-43C4-BC02-569A52722DDE}.Debug|x64.ActiveCfg = Debug|x64
		{0C093161-2CA5-43C4-BC02-569A52722DDE}.Debug|x64.Build.0 = Debug|x64
		{0C093161-2CA5-43C4-BC02-569A52722DDE}.Debug|x64.Deploy.0 = Debug|x64
		{0C093161-2CA5-43C4-BC02-569A52722DDE}.Debug|x86.ActiveCfg = Debug|x86
		{0C093161-2CA5-43C4-BC02-569A52722DDE}.Debug|x86.Build.0 = Debug|x86
		{0C093161-2CA5-43C4-BC02-569A52722DDE}.Debug|x86.Deploy.0 = Debug|x86
		{0C093161-2CA5-43C4-BC02-569A52722DDE}.Release|Any CPU.ActiveCfg = Release|x86
		{0C093161-2CA5-43C4-BC02-569A52722DDE}.Release|ARM.ActiveCfg = Release|ARM
		{0C093161-2CA5-43C4-BC02-569A52722DDE}.Release|ARM.Build.0 = Release|ARM
		{0C093161-2CA5-43C4-BC02-569A52722DDE}.Release|ARM.Deploy.0 = Release|ARM
		{0C093161-2CA5-43C4-BC02-569A52722DDE}.Release|iPhone.ActiveCfg = Release|x86
		{0C093161-2CA5-43C4-BC02-569A52722DDE}.Release|iPhoneSimulator.ActiveCfg = Release|x86
		{0C093161-2CA5-43C4-BC02-569A52722DDE}.Release|x64.ActiveCfg = Release|x64
		{0C093161-2CA5-43C4-BC02-569A52722DDE}.Release|x64.Build.0 = Release|x64
		{0C093161-2CA5-43C4-BC02-569A52722DDE}.Release|x64.Deploy.0 = Release|x64
		{0C093161-2CA5-43C4-BC02-569A52722DDE}.Release|x86.ActiveCfg = Release|x86
		{0C093161-2CA5-43C4-BC02-569A52722DDE}.Release|x86.Build.0 = Release|x86
		{0C093161-2CA5-43C4-BC02-569A52722DDE}.Release|x86.Deploy.0 = Release|x86
		{ED827D93-3396-4E1D-A9EE-B42E8902DB0B}.Ad-Hoc|Any CPU.ActiveCfg = Release|Any CPU
		{ED827D93-3396-4E1D-A9EE-B42E8902DB0B}.Ad-Hoc|Any CPU.Build.0 = Release|Any CPU
		{ED827D93-3396-4E1D-A9EE-B42E8902DB0B}.Ad-Hoc|Any CPU.Deploy.0 = Release|Any CPU
		{ED827D93-3396-4E1D-A9EE-B42E8902DB0B}.Ad-Hoc|ARM.ActiveCfg = Release|ARM
		{ED827D93-3396-4E1D-A9EE-B42E8902DB0B}.Ad-Hoc|ARM.Build.0 = Release|ARM
		{ED827D93-3396-4E1D-A9EE-B42E8902DB0B}.Ad-Hoc|ARM.Deploy.0 = Release|ARM
		{ED827D93-3396-4E1D-A9EE-B42E8902DB0B}.Ad-Hoc|iPhone.ActiveCfg = Release|Any CPU
		{ED827D93-3396-4E1D-A9EE-B42E8902DB0B}.Ad-Hoc|iPhone.Build.0 = Release|Any CPU
		{ED827D93-3396-4E1D-A9EE-B42E8902DB0B}.Ad-Hoc|iPhone.Deploy.0 = Release|Any CPU
		{ED827D93-3396-4E1D-A9EE-B42E8902DB0B}.Ad-Hoc|iPhoneSimulator.ActiveCfg = Release|Any CPU
		{ED827D93-3396-4E1D-A9EE-B42E8902DB0B}.Ad-Hoc|iPhoneSimulator.Build.0 = Release|Any CPU
		{ED827D93-3396-4E1D-A9EE-B42E8902DB0B}.Ad-Hoc|iPhoneSimulator.Deploy.0 = Release|Any CPU
		{ED827D93-3396-4E1D-A9EE-B42E8902DB0B}.Ad-Hoc|x64.ActiveCfg = Release|x64
		{ED827D93-3396-4E1D-A9EE-B42E8902DB0B}.Ad-Hoc|x64.Build.0 = Release|x64
		{ED827D93-3396-4E1D-A9EE-B42E8902DB0B}.Ad-Hoc|x64.Deploy.0 = Release|x64
		{ED827D93-3396-4E1D-A9EE-B42E8902DB0B}.Ad-Hoc|x86.ActiveCfg = Release|x86
		{ED827D93-3396-4E1D-A9EE-B42E8902DB0B}.Ad-Hoc|x86.Build.0 = Release|x86
		{ED827D93-3396-4E1D-A9EE-B42E8902DB0B}.Ad-Hoc|x86.Deploy.0 = Release|x86
		{ED827D93-3396-4E1D-A9EE-B42E8902DB0B}.AppStore|Any CPU.ActiveCfg = Release|Any CPU
		{ED827D93-3396-4E1D-A9EE-B42E8902DB0B}.AppStore|Any CPU.Build.0 = Release|Any CPU
		{ED827D93-3396-4E1D-A9EE-B42E8902DB0B}.AppStore|Any CPU.Deploy.0 = Release|Any CPU
		{ED827D93-3396-4E1D-A9EE-B42E8902DB0B}.AppStore|ARM.ActiveCfg = Release|ARM
		{ED827D93-3396-4E1D-A9EE-B42E8902DB0B}.AppStore|ARM.Build.0 = Release|ARM
		{ED827D93-3396-4E1D-A9EE-B42E8902DB0B}.AppStore|ARM.Deploy.0 = Release|ARM
		{ED827D93-3396-4E1D-A9EE-B42E8902DB0B}.AppStore|iPhone.ActiveCfg = Release|Any CPU
		{ED827D93-3396-4E1D-A9EE-B42E8902DB0B}.AppStore|iPhone.Build.0 = Release|Any CPU
		{ED827D93-3396-4E1D-A9EE-B42E8902DB0B}.AppStore|iPhone.Deploy.0 = Release|Any CPU
		{ED827D93-3396-4E1D-A9EE-B42E8902DB0B}.AppStore|iPhoneSimulator.ActiveCfg = Release|Any CPU
		{ED827D93-3396-4E1D-A9EE-B42E8902DB0B}.AppStore|iPhoneSimulator.Build.0 = Release|Any CPU
		{ED827D93-3396-4E1D-A9EE-B42E8902DB0B}.AppStore|iPhoneSimulator.Deploy.0 = Release|Any CPU
		{ED827D93-3396-4E1D-A9EE-B42E8902DB0B}.AppStore|x64.ActiveCfg = Release|x64
		{ED827D93-3396-4E1D-A9EE-B42E8902DB0B}.AppStore|x64.Build.0 = Release|x64
		{ED827D93-3396-4E1D-A9EE-B42E8902DB0B}.AppStore|x64.Deploy.0 = Release|x64
		{ED827D93-3396-4E1D-A9EE-B42E8902DB0B}.AppStore|x86.ActiveCfg = Release|x86
		{ED827D93-3396-4E1D-A9EE-B42E8902DB0B}.AppStore|x86.Build.0 = Release|x86
		{ED827D93-3396-4E1D-A9EE-B42E8902DB0B}.AppStore|x86.Deploy.0 = Release|x86
		{ED827D93-3396-4E1D-A9EE-B42E8902DB0B}.Debug|Any CPU.ActiveCfg = Debug|Any CPU
		{ED827D93-3396-4E1D-A9EE-B42E8902DB0B}.Debug|Any CPU.Build.0 = Debug|Any CPU
		{ED827D93-3396-4E1D-A9EE-B42E8902DB0B}.Debug|Any CPU.Deploy.0 = Debug|Any CPU
		{ED827D93-3396-4E1D-A9EE-B42E8902DB0B}.Debug|ARM.ActiveCfg = Debug|ARM
		{ED827D93-3396-4E1D-A9EE-B42E8902DB0B}.Debug|ARM.Build.0 = Debug|ARM
		{ED827D93-3396-4E1D-A9EE-B42E8902DB0B}.Debug|ARM.Deploy.0 = Debug|ARM
		{ED827D93-3396-4E1D-A9EE-B42E8902DB0B}.Debug|iPhone.ActiveCfg = Debug|Any CPU
		{ED827D93-3396-4E1D-A9EE-B42E8902DB0B}.Debug|iPhone.Build.0 = Debug|Any CPU
		{ED827D93-3396-4E1D-A9EE-B42E8902DB0B}.Debug|iPhone.Deploy.0 = Debug|Any CPU
		{ED827D93-3396-4E1D-A9EE-B42E8902DB0B}.Debug|iPhoneSimulator.ActiveCfg = Debug|Any CPU
		{ED827D93-3396-4E1D-A9EE-B42E8902DB0B}.Debug|iPhoneSimulator.Build.0 = Debug|Any CPU
		{ED827D93-3396-4E1D-A9EE-B42E8902DB0B}.Debug|iPhoneSimulator.Deploy.0 = Debug|Any CPU
		{ED827D93-3396-4E1D-A9EE-B42E8902DB0B}.Debug|x64.ActiveCfg = Debug|x64
		{ED827D93-3396-4E1D-A9EE-B42E8902DB0B}.Debug|x64.Build.0 = Debug|x64
		{ED827D93-3396-4E1D-A9EE-B42E8902DB0B}.Debug|x64.Deploy.0 = Debug|x64
		{ED827D93-3396-4E1D-A9EE-B42E8902DB0B}.Debug|x86.ActiveCfg = Debug|x86
		{ED827D93-3396-4E1D-A9EE-B42E8902DB0B}.Debug|x86.Build.0 = Debug|x86
		{ED827D93-3396-4E1D-A9EE-B42E8902DB0B}.Debug|x86.Deploy.0 = Debug|x86
		{ED827D93-3396-4E1D-A9EE-B42E8902DB0B}.Release|Any CPU.ActiveCfg = Release|Any CPU
		{ED827D93-3396-4E1D-A9EE-B42E8902DB0B}.Release|Any CPU.Build.0 = Release|Any CPU
		{ED827D93-3396-4E1D-A9EE-B42E8902DB0B}.Release|Any CPU.Deploy.0 = Release|Any CPU
		{ED827D93-3396-4E1D-A9EE-B42E8902DB0B}.Release|ARM.ActiveCfg = Release|ARM
		{ED827D93-3396-4E1D-A9EE-B42E8902DB0B}.Release|ARM.Build.0 = Release|ARM
		{ED827D93-3396-4E1D-A9EE-B42E8902DB0B}.Release|ARM.Deploy.0 = Release|ARM
		{ED827D93-3396-4E1D-A9EE-B42E8902DB0B}.Release|iPhone.ActiveCfg = Release|Any CPU
		{ED827D93-3396-4E1D-A9EE-B42E8902DB0B}.Release|iPhone.Build.0 = Release|Any CPU
		{ED827D93-3396-4E1D-A9EE-B42E8902DB0B}.Release|iPhone.Deploy.0 = Release|Any CPU
		{ED827D93-3396-4E1D-A9EE-B42E8902DB0B}.Release|iPhoneSimulator.ActiveCfg = Release|Any CPU
		{ED827D93-3396-4E1D-A9EE-B42E8902DB0B}.Release|iPhoneSimulator.Build.0 = Release|Any CPU
		{ED827D93-3396-4E1D-A9EE-B42E8902DB0B}.Release|iPhoneSimulator.Deploy.0 = Release|Any CPU
		{ED827D93-3396-4E1D-A9EE-B42E8902DB0B}.Release|x64.ActiveCfg = Release|x64
		{ED827D93-3396-4E1D-A9EE-B42E8902DB0B}.Release|x64.Build.0 = Release|x64
		{ED827D93-3396-4E1D-A9EE-B42E8902DB0B}.Release|x64.Deploy.0 = Release|x64
		{ED827D93-3396-4E1D-A9EE-B42E8902DB0B}.Release|x86.ActiveCfg = Release|x86
		{ED827D93-3396-4E1D-A9EE-B42E8902DB0B}.Release|x86.Build.0 = Release|x86
		{ED827D93-3396-4E1D-A9EE-B42E8902DB0B}.Release|x86.Deploy.0 = Release|x86
		{322581D5-9F3E-4B65-AB32-370BCF074C27}.Ad-Hoc|Any CPU.ActiveCfg = Release|Any CPU
		{322581D5-9F3E-4B65-AB32-370BCF074C27}.Ad-Hoc|Any CPU.Build.0 = Release|Any CPU
		{322581D5-9F3E-4B65-AB32-370BCF074C27}.Ad-Hoc|ARM.ActiveCfg = Release|Any CPU
		{322581D5-9F3E-4B65-AB32-370BCF074C27}.Ad-Hoc|ARM.Build.0 = Release|Any CPU
		{322581D5-9F3E-4B65-AB32-370BCF074C27}.Ad-Hoc|iPhone.ActiveCfg = Release|Any CPU
		{322581D5-9F3E-4B65-AB32-370BCF074C27}.Ad-Hoc|iPhone.Build.0 = Release|Any CPU
		{322581D5-9F3E-4B65-AB32-370BCF074C27}.Ad-Hoc|iPhoneSimulator.ActiveCfg = Release|Any CPU
		{322581D5-9F3E-4B65-AB32-370BCF074C27}.Ad-Hoc|iPhoneSimulator.Build.0 = Release|Any CPU
		{322581D5-9F3E-4B65-AB32-370BCF074C27}.Ad-Hoc|x64.ActiveCfg = Release|Any CPU
		{322581D5-9F3E-4B65-AB32-370BCF074C27}.Ad-Hoc|x64.Build.0 = Release|Any CPU
		{322581D5-9F3E-4B65-AB32-370BCF074C27}.Ad-Hoc|x86.ActiveCfg = Release|Any CPU
		{322581D5-9F3E-4B65-AB32-370BCF074C27}.Ad-Hoc|x86.Build.0 = Release|Any CPU
		{322581D5-9F3E-4B65-AB32-370BCF074C27}.AppStore|Any CPU.ActiveCfg = Release|Any CPU
		{322581D5-9F3E-4B65-AB32-370BCF074C27}.AppStore|Any CPU.Build.0 = Release|Any CPU
		{322581D5-9F3E-4B65-AB32-370BCF074C27}.AppStore|ARM.ActiveCfg = Release|Any CPU
		{322581D5-9F3E-4B65-AB32-370BCF074C27}.AppStore|ARM.Build.0 = Release|Any CPU
		{322581D5-9F3E-4B65-AB32-370BCF074C27}.AppStore|iPhone.ActiveCfg = Release|Any CPU
		{322581D5-9F3E-4B65-AB32-370BCF074C27}.AppStore|iPhone.Build.0 = Release|Any CPU
		{322581D5-9F3E-4B65-AB32-370BCF074C27}.AppStore|iPhoneSimulator.ActiveCfg = Release|Any CPU
		{322581D5-9F3E-4B65-AB32-370BCF074C27}.AppStore|iPhoneSimulator.Build.0 = Release|Any CPU
		{322581D5-9F3E-4B65-AB32-370BCF074C27}.AppStore|x64.ActiveCfg = Release|Any CPU
		{322581D5-9F3E-4B65-AB32-370BCF074C27}.AppStore|x64.Build.0 = Release|Any CPU
		{322581D5-9F3E-4B65-AB32-370BCF074C27}.AppStore|x86.ActiveCfg = Release|Any CPU
		{322581D5-9F3E-4B65-AB32-370BCF074C27}.AppStore|x86.Build.0 = Release|Any CPU
		{322581D5-9F3E-4B65-AB32-370BCF074C27}.Debug|Any CPU.ActiveCfg = Debug|Any CPU
		{322581D5-9F3E-4B65-AB32-370BCF074C27}.Debug|Any CPU.Build.0 = Debug|Any CPU
		{322581D5-9F3E-4B65-AB32-370BCF074C27}.Debug|ARM.ActiveCfg = Debug|Any CPU
		{322581D5-9F3E-4B65-AB32-370BCF074C27}.Debug|ARM.Build.0 = Debug|Any CPU
		{322581D5-9F3E-4B65-AB32-370BCF074C27}.Debug|iPhone.ActiveCfg = Debug|Any CPU
		{322581D5-9F3E-4B65-AB32-370BCF074C27}.Debug|iPhone.Build.0 = Debug|Any CPU
		{322581D5-9F3E-4B65-AB32-370BCF074C27}.Debug|iPhoneSimulator.ActiveCfg = Debug|Any CPU
		{322581D5-9F3E-4B65-AB32-370BCF074C27}.Debug|iPhoneSimulator.Build.0 = Debug|Any CPU
		{322581D5-9F3E-4B65-AB32-370BCF074C27}.Debug|x64.ActiveCfg = Debug|Any CPU
		{322581D5-9F3E-4B65-AB32-370BCF074C27}.Debug|x64.Build.0 = Debug|Any CPU
		{322581D5-9F3E-4B65-AB32-370BCF074C27}.Debug|x86.ActiveCfg = Debug|Any CPU
		{322581D5-9F3E-4B65-AB32-370BCF074C27}.Debug|x86.Build.0 = Debug|Any CPU
		{322581D5-9F3E-4B65-AB32-370BCF074C27}.Release|Any CPU.ActiveCfg = Release|Any CPU
		{322581D5-9F3E-4B65-AB32-370BCF074C27}.Release|Any CPU.Build.0 = Release|Any CPU
		{322581D5-9F3E-4B65-AB32-370BCF074C27}.Release|ARM.ActiveCfg = Release|Any CPU
		{322581D5-9F3E-4B65-AB32-370BCF074C27}.Release|ARM.Build.0 = Release|Any CPU
		{322581D5-9F3E-4B65-AB32-370BCF074C27}.Release|iPhone.ActiveCfg = Release|Any CPU
		{322581D5-9F3E-4B65-AB32-370BCF074C27}.Release|iPhone.Build.0 = Release|Any CPU
		{322581D5-9F3E-4B65-AB32-370BCF074C27}.Release|iPhoneSimulator.ActiveCfg = Release|Any CPU
		{322581D5-9F3E-4B65-AB32-370BCF074C27}.Release|iPhoneSimulator.Build.0 = Release|Any CPU
		{322581D5-9F3E-4B65-AB32-370BCF074C27}.Release|x64.ActiveCfg = Release|Any CPU
		{322581D5-9F3E-4B65-AB32-370BCF074C27}.Release|x64.Build.0 = Release|Any CPU
		{322581D5-9F3E-4B65-AB32-370BCF074C27}.Release|x86.ActiveCfg = Release|Any CPU
		{322581D5-9F3E-4B65-AB32-370BCF074C27}.Release|x86.Build.0 = Release|Any CPU
		{0D9F8E08-BABE-4C6D-B097-4B6DA3706DD7}.Ad-Hoc|Any CPU.ActiveCfg = Release|Any CPU
		{0D9F8E08-BABE-4C6D-B097-4B6DA3706DD7}.Ad-Hoc|Any CPU.Build.0 = Release|Any CPU
		{0D9F8E08-BABE-4C6D-B097-4B6DA3706DD7}.Ad-Hoc|ARM.ActiveCfg = Release|Any CPU
		{0D9F8E08-BABE-4C6D-B097-4B6DA3706DD7}.Ad-Hoc|ARM.Build.0 = Release|Any CPU
		{0D9F8E08-BABE-4C6D-B097-4B6DA3706DD7}.Ad-Hoc|iPhone.ActiveCfg = Release|Any CPU
		{0D9F8E08-BABE-4C6D-B097-4B6DA3706DD7}.Ad-Hoc|iPhone.Build.0 = Release|Any CPU
		{0D9F8E08-BABE-4C6D-B097-4B6DA3706DD7}.Ad-Hoc|iPhoneSimulator.ActiveCfg = Release|Any CPU
		{0D9F8E08-BABE-4C6D-B097-4B6DA3706DD7}.Ad-Hoc|iPhoneSimulator.Build.0 = Release|Any CPU
		{0D9F8E08-BABE-4C6D-B097-4B6DA3706DD7}.Ad-Hoc|x64.ActiveCfg = Release|Any CPU
		{0D9F8E08-BABE-4C6D-B097-4B6DA3706DD7}.Ad-Hoc|x64.Build.0 = Release|Any CPU
		{0D9F8E08-BABE-4C6D-B097-4B6DA3706DD7}.Ad-Hoc|x86.ActiveCfg = Release|Any CPU
		{0D9F8E08-BABE-4C6D-B097-4B6DA3706DD7}.Ad-Hoc|x86.Build.0 = Release|Any CPU
		{0D9F8E08-BABE-4C6D-B097-4B6DA3706DD7}.AppStore|Any CPU.ActiveCfg = Release|Any CPU
		{0D9F8E08-BABE-4C6D-B097-4B6DA3706DD7}.AppStore|Any CPU.Build.0 = Release|Any CPU
		{0D9F8E08-BABE-4C6D-B097-4B6DA3706DD7}.AppStore|ARM.ActiveCfg = Release|Any CPU
		{0D9F8E08-BABE-4C6D-B097-4B6DA3706DD7}.AppStore|ARM.Build.0 = Release|Any CPU
		{0D9F8E08-BABE-4C6D-B097-4B6DA3706DD7}.AppStore|iPhone.ActiveCfg = Release|Any CPU
		{0D9F8E08-BABE-4C6D-B097-4B6DA3706DD7}.AppStore|iPhone.Build.0 = Release|Any CPU
		{0D9F8E08-BABE-4C6D-B097-4B6DA3706DD7}.AppStore|iPhoneSimulator.ActiveCfg = Release|Any CPU
		{0D9F8E08-BABE-4C6D-B097-4B6DA3706DD7}.AppStore|iPhoneSimulator.Build.0 = Release|Any CPU
		{0D9F8E08-BABE-4C6D-B097-4B6DA3706DD7}.AppStore|x64.ActiveCfg = Release|Any CPU
		{0D9F8E08-BABE-4C6D-B097-4B6DA3706DD7}.AppStore|x64.Build.0 = Release|Any CPU
		{0D9F8E08-BABE-4C6D-B097-4B6DA3706DD7}.AppStore|x86.ActiveCfg = Release|Any CPU
		{0D9F8E08-BABE-4C6D-B097-4B6DA3706DD7}.AppStore|x86.Build.0 = Release|Any CPU
		{0D9F8E08-BABE-4C6D-B097-4B6DA3706DD7}.Debug|Any CPU.ActiveCfg = Debug|Any CPU
		{0D9F8E08-BABE-4C6D-B097-4B6DA3706DD7}.Debug|Any CPU.Build.0 = Debug|Any CPU
		{0D9F8E08-BABE-4C6D-B097-4B6DA3706DD7}.Debug|ARM.ActiveCfg = Debug|Any CPU
		{0D9F8E08-BABE-4C6D-B097-4B6DA3706DD7}.Debug|ARM.Build.0 = Debug|Any CPU
		{0D9F8E08-BABE-4C6D-B097-4B6DA3706DD7}.Debug|iPhone.ActiveCfg = Debug|Any CPU
		{0D9F8E08-BABE-4C6D-B097-4B6DA3706DD7}.Debug|iPhone.Build.0 = Debug|Any CPU
		{0D9F8E08-BABE-4C6D-B097-4B6DA3706DD7}.Debug|iPhoneSimulator.ActiveCfg = Debug|Any CPU
		{0D9F8E08-BABE-4C6D-B097-4B6DA3706DD7}.Debug|iPhoneSimulator.Build.0 = Debug|Any CPU
		{0D9F8E08-BABE-4C6D-B097-4B6DA3706DD7}.Debug|x64.ActiveCfg = Debug|Any CPU
		{0D9F8E08-BABE-4C6D-B097-4B6DA3706DD7}.Debug|x64.Build.0 = Debug|Any CPU
		{0D9F8E08-BABE-4C6D-B097-4B6DA3706DD7}.Debug|x86.ActiveCfg = Debug|Any CPU
		{0D9F8E08-BABE-4C6D-B097-4B6DA3706DD7}.Debug|x86.Build.0 = Debug|Any CPU
		{0D9F8E08-BABE-4C6D-B097-4B6DA3706DD7}.Release|Any CPU.ActiveCfg = Release|Any CPU
		{0D9F8E08-BABE-4C6D-B097-4B6DA3706DD7}.Release|Any CPU.Build.0 = Release|Any CPU
		{0D9F8E08-BABE-4C6D-B097-4B6DA3706DD7}.Release|ARM.ActiveCfg = Release|Any CPU
		{0D9F8E08-BABE-4C6D-B097-4B6DA3706DD7}.Release|ARM.Build.0 = Release|Any CPU
		{0D9F8E08-BABE-4C6D-B097-4B6DA3706DD7}.Release|iPhone.ActiveCfg = Release|Any CPU
		{0D9F8E08-BABE-4C6D-B097-4B6DA3706DD7}.Release|iPhone.Build.0 = Release|Any CPU
		{0D9F8E08-BABE-4C6D-B097-4B6DA3706DD7}.Release|iPhoneSimulator.ActiveCfg = Release|Any CPU
		{0D9F8E08-BABE-4C6D-B097-4B6DA3706DD7}.Release|iPhoneSimulator.Build.0 = Release|Any CPU
		{0D9F8E08-BABE-4C6D-B097-4B6DA3706DD7}.Release|x64.ActiveCfg = Release|Any CPU
		{0D9F8E08-BABE-4C6D-B097-4B6DA3706DD7}.Release|x64.Build.0 = Release|Any CPU
		{0D9F8E08-BABE-4C6D-B097-4B6DA3706DD7}.Release|x86.ActiveCfg = Release|Any CPU
		{0D9F8E08-BABE-4C6D-B097-4B6DA3706DD7}.Release|x86.Build.0 = Release|Any CPU
	EndGlobalSection
	GlobalSection(SolutionProperties) = preSolution
		HideSolutionNode = FALSE
	EndGlobalSection
EndGlobal
